
Microsoft Visual Studio Solution File, Format Version 12.00
# Visual Studio Version 17
VisualStudioVersion = 17.2.32526.322
MinimumVisualStudioVersion = 10.0.40219.1
Project("{FAE04EC0-301F-11D3-BF4B-00C04F79EFBC}") = "SudokuSolver", "SudokuSolver\SudokuSolver.csproj", "{BFEF719C-727D-48D5-BD39-9B1FEAFC5C1F}"
EndProject
Global
	GlobalSection(SolutionConfigurationPlatforms) = preSolution
		Debug|Any CPU = Debug|Any CPU
		Release|Any CPU = Release|Any CPU
	EndGlobalSection
	GlobalSection(ProjectConfigurationPlatforms) = postSolution
		{BFEF719C-727D-48D5-BD39-9B1FEAFC5C1F}.Debug|Any CPU.ActiveCfg = Debug|Any CPU
		{BFEF719C-727D-48D5-BD39-9B1FEAFC5C1F}.Debug|Any CPU.Build.0 = Debug|Any CPU
		{BFEF719C-727D-48D5-BD39-9B1FEAFC5C1F}.Release|Any CPU.ActiveCfg = Release|Any CPU
		{BFEF719C-727D-48D5-BD39-9B1FEAFC5C1F}.Release|Any CPU.Build.0 = Release|Any CPU
	EndGlobalSection
	GlobalSection(SolutionProperties) = preSolution
		HideSolutionNode = FALSE
	EndGlobalSection
	GlobalSection(ExtensibilityGlobals) = postSolution
		SolutionGuid = {D9C78A0F-85FE-4B06-A36E-19A3E870CFD5}
	EndGlobalSection
EndGlobal
